
Microsoft Visual Studio Solution File, Format Version 12.00
# Visual Studio 15
VisualStudioVersion = 15.0.27428.2037
MinimumVisualStudioVersion = 10.0.40219.1
Project("{2150E333-8FDC-42A3-9474-1A3956D46DE8}") = "src", "src", "{BD307445-CBE2-485D-B838-AFF056B76069}"
EndProject
Project("{2150E333-8FDC-42A3-9474-1A3956D46DE8}") = "1 - Presentation", "1 - Presentation", "{92680015-524D-431C-950B-46F35773B0F1}"
EndProject
Project("{2150E333-8FDC-42A3-9474-1A3956D46DE8}") = "2 - Services", "2 - Services", "{08245EA1-9027-4F63-B07D-FB5B71606BB5}"
EndProject
Project("{2150E333-8FDC-42A3-9474-1A3956D46DE8}") = "3 - Application", "3 - Application", "{420439AE-729E-4BEF-9EF5-44AAE922BE00}"
EndProject
Project("{2150E333-8FDC-42A3-9474-1A3956D46DE8}") = "4 - Domain", "4 - Domain", "{BD1D0971-0503-455A-994B-37799CD9A861}"
EndProject
Project("{2150E333-8FDC-42A3-9474-1A3956D46DE8}") = "5 - Infra", "5 - Infra", "{087219CD-C1F9-424E-9C76-2A4E58ED3804}"
EndProject
Project("{2150E333-8FDC-42A3-9474-1A3956D46DE8}") = "Data", "Data", "{38C17916-71AD-43B0-A7AD-D7E7AB2B6A92}"
EndProject
Project("{2150E333-8FDC-42A3-9474-1A3956D46DE8}") = "CrossCutting", "CrossCutting", "{DE91BE33-AD2C-4E7E-BC4F-0246C29174EE}"
EndProject
Project("{9A19103F-16F7-4668-BE54-9A1E7A4F7556}") = "Equinox.Infra.Data", "src\Equinox.Infra.Data\Equinox.Infra.Data.csproj", "{4705303D-3D93-4E8A-BE51-FB8160ECFBE6}"
EndProject
Project("{9A19103F-16F7-4668-BE54-9A1E7A4F7556}") = "Equinox.Infra.CrossCutting.Bus", "src\Equinox.Infra.CrossCutting.Bus\Equinox.Infra.CrossCutting.Bus.csproj", "{8E0CC5A8-D459-48EC-8FBF-8F57B5F9D406}"
EndProject
Project("{9A19103F-16F7-4668-BE54-9A1E7A4F7556}") = "Equinox.Infra.CrossCutting.Identity", "src\Equinox.Infra.CrossCutting.Identity\Equinox.Infra.CrossCutting.Identity.csproj", "{6E5ECD48-24CC-428F-8F31-AF01984917D7}"
EndProject
Project("{9A19103F-16F7-4668-BE54-9A1E7A4F7556}") = "Equinox.Infra.CrossCutting.IoC", "src\Equinox.Infra.CrossCutting.IoC\Equinox.Infra.CrossCutting.IoC.csproj", "{DA2AF167-54C2-4279-AEA2-E06B84160FE0}"
EndProject
Project("{9A19103F-16F7-4668-BE54-9A1E7A4F7556}") = "Equinox.Domain", "src\Equinox.Domain\Equinox.Domain.csproj", "{F15A72E9-5A33-4C09-BFBF-E63BDAA54315}"
EndProject
Project("{9A19103F-16F7-4668-BE54-9A1E7A4F7556}") = "Equinox.Domain.Core", "src\Equinox.Domain.Core\Equinox.Domain.Core.csproj", "{6EDF327C-416A-4E94-8B25-D2357F8430F2}"
EndProject
Project("{9A19103F-16F7-4668-BE54-9A1E7A4F7556}") = "Equinox.Application", "src\Equinox.Application\Equinox.Application.csproj", "{B2265645-7482-4917-B75F-00ACEEA5F0AF}"
EndProject
Project("{FAE04EC0-301F-11D3-BF4B-00C04F79EFBC}") = "Equinox.UI.Site", "src\Equinox.UI.Site\Equinox.UI.Site.csproj", "{59D1C29C-5E92-4199-A22D-6B2E157E6DB5}"
EndProject
Project("{9A19103F-16F7-4668-BE54-9A1E7A4F7556}") = "Equinox.WebApi", "src\Equinox.WebApi\Equinox.WebApi.csproj", "{B730BB58-6CC6-456C-947A-CA2BA65EA8AC}"
EndProject
Global
	GlobalSection(SolutionConfigurationPlatforms) = preSolution
		Debug|Any CPU = Debug|Any CPU
		Release|Any CPU = Release|Any CPU
	EndGlobalSection
	GlobalSection(ProjectConfigurationPlatforms) = postSolution
		{4705303D-3D93-4E8A-BE51-FB8160ECFBE6}.Debug|Any CPU.ActiveCfg = Debug|Any CPU
		{4705303D-3D93-4E8A-BE51-FB8160ECFBE6}.Debug|Any CPU.Build.0 = Debug|Any CPU
		{4705303D-3D93-4E8A-BE51-FB8160ECFBE6}.Release|Any CPU.ActiveCfg = Release|Any CPU
		{4705303D-3D93-4E8A-BE51-FB8160ECFBE6}.Release|Any CPU.Build.0 = Release|Any CPU
		{8E0CC5A8-D459-48EC-8FBF-8F57B5F9D406}.Debug|Any CPU.ActiveCfg = Debug|Any CPU
		{8E0CC5A8-D459-48EC-8FBF-8F57B5F9D406}.Debug|Any CPU.Build.0 = Debug|Any CPU
		{8E0CC5A8-D459-48EC-8FBF-8F57B5F9D406}.Release|Any CPU.ActiveCfg = Release|Any CPU
		{8E0CC5A8-D459-48EC-8FBF-8F57B5F9D406}.Release|Any CPU.Build.0 = Release|Any CPU
		{6E5ECD48-24CC-428F-8F31-AF01984917D7}.Debug|Any CPU.ActiveCfg = Debug|Any CPU
		{6E5ECD48-24CC-428F-8F31-AF01984917D7}.Debug|Any CPU.Build.0 = Debug|Any CPU
		{6E5ECD48-24CC-428F-8F31-AF01984917D7}.Release|Any CPU.ActiveCfg = Release|Any CPU
		{6E5ECD48-24CC-428F-8F31-AF01984917D7}.Release|Any CPU.Build.0 = Release|Any CPU
		{DA2AF167-54C2-4279-AEA2-E06B84160FE0}.Debug|Any CPU.ActiveCfg = Debug|Any CPU
		{DA2AF167-54C2-4279-AEA2-E06B84160FE0}.Debug|Any CPU.Build.0 = Debug|Any CPU
		{DA2AF167-54C2-4279-AEA2-E06B84160FE0}.Release|Any CPU.ActiveCfg = Release|Any CPU
		{DA2AF167-54C2-4279-AEA2-E06B84160FE0}.Release|Any CPU.Build.0 = Release|Any CPU
		{F15A72E9-5A33-4C09-BFBF-E63BDAA54315}.Debug|Any CPU.ActiveCfg = Debug|Any CPU
		{F15A72E9-5A33-4C09-BFBF-E63BDAA54315}.Debug|Any CPU.Build.0 = Debug|Any CPU
		{F15A72E9-5A33-4C09-BFBF-E63BDAA54315}.Release|Any CPU.ActiveCfg = Release|Any CPU
		{F15A72E9-5A33-4C09-BFBF-E63BDAA54315}.Release|Any CPU.Build.0 = Release|Any CPU
		{6EDF327C-416A-4E94-8B25-D2357F8430F2}.Debug|Any CPU.ActiveCfg = Debug|Any CPU
		{6EDF327C-416A-4E94-8B25-D2357F8430F2}.Debug|Any CPU.Build.0 = Debug|Any CPU
		{6EDF327C-416A-4E94-8B25-D2357F8430F2}.Release|Any CPU.ActiveCfg = Release|Any CPU
		{6EDF327C-416A-4E94-8B25-D2357F8430F2}.Release|Any CPU.Build.0 = Release|Any CPU
		{B2265645-7482-4917-B75F-00ACEEA5F0AF}.Debug|Any CPU.ActiveCfg = Debug|Any CPU
		{B2265645-7482-4917-B75F-00ACEEA5F0AF}.Debug|Any CPU.Build.0 = Debug|Any CPU
		{B2265645-7482-4917-B75F-00ACEEA5F0AF}.Release|Any CPU.ActiveCfg = Release|Any CPU
		{B2265645-7482-4917-B75F-00ACEEA5F0AF}.Release|Any CPU.Build.0 = Release|Any CPU
		{59D1C29C-5E92-4199-A22D-6B2E157E6DB5}.Debug|Any CPU.ActiveCfg = Debug|Any CPU
		{59D1C29C-5E92-4199-A22D-6B2E157E6DB5}.Debug|Any CPU.Build.0 = Debug|Any CPU
		{59D1C29C-5E92-4199-A22D-6B2E157E6DB5}.Release|Any CPU.ActiveCfg = Release|Any CPU
		{59D1C29C-5E92-4199-A22D-6B2E157E6DB5}.Release|Any CPU.Build.0 = Release|Any CPU
		{B730BB58-6CC6-456C-947A-CA2BA65EA8AC}.Debug|Any CPU.ActiveCfg = Debug|Any CPU
		{B730BB58-6CC6-456C-947A-CA2BA65EA8AC}.Debug|Any CPU.Build.0 = Debug|Any CPU
		{B730BB58-6CC6-456C-947A-CA2BA65EA8AC}.Release|Any CPU.ActiveCfg = Release|Any CPU
		{B730BB58-6CC6-456C-947A-CA2BA65EA8AC}.Release|Any CPU.Build.0 = Release|Any CPU
	EndGlobalSection
	GlobalSection(SolutionProperties) = preSolution
		HideSolutionNode = FALSE
	EndGlobalSection
	GlobalSection(NestedProjects) = preSolution
		{92680015-524D-431C-950B-46F35773B0F1} = {BD307445-CBE2-485D-B838-AFF056B76069}
		{08245EA1-9027-4F63-B07D-FB5B71606BB5} = {BD307445-CBE2-485D-B838-AFF056B76069}
		{420439AE-729E-4BEF-9EF5-44AAE922BE00} = {BD307445-CBE2-485D-B838-AFF056B76069}
		{BD1D0971-0503-455A-994B-37799CD9A861} = {BD307445-CBE2-485D-B838-AFF056B76069}
		{087219CD-C1F9-424E-9C76-2A4E58ED3804} = {BD307445-CBE2-485D-B838-AFF056B76069}
		{38C17916-71AD-43B0-A7AD-D7E7AB2B6A92} = {087219CD-C1F9-424E-9C76-2A4E58ED3804}
		{DE91BE33-AD2C-4E7E-BC4F-0246C29174EE} = {087219CD-C1F9-424E-9C76-2A4E58ED3804}
		{4705303D-3D93-4E8A-BE51-FB8160ECFBE6} = {38C17916-71AD-43B0-A7AD-D7E7AB2B6A92}
		{8E0CC5A8-D459-48EC-8FBF-8F57B5F9D406} = {DE91BE33-AD2C-4E7E-BC4F-0246C29174EE}
		{6E5ECD48-24CC-428F-8F31-AF01984917D7} = {DE91BE33-AD2C-4E7E-BC4F-0246C29174EE}
		{DA2AF167-54C2-4279-AEA2-E06B84160FE0} = {DE91BE33-AD2C-4E7E-BC4F-0246C29174EE}
		{F15A72E9-5A33-4C09-BFBF-E63BDAA54315} = {BD1D0971-0503-455A-994B-37799CD9A861}
		{6EDF327C-416A-4E94-8B25-D2357F8430F2} = {BD1D0971-0503-455A-994B-37799CD9A861}
		{B2265645-7482-4917-B75F-00ACEEA5F0AF} = {420439AE-729E-4BEF-9EF5-44AAE922BE00}
		{59D1C29C-5E92-4199-A22D-6B2E157E6DB5} = {92680015-524D-431C-950B-46F35773B0F1}
		{B730BB58-6CC6-456C-947A-CA2BA65EA8AC} = {08245EA1-9027-4F63-B07D-FB5B71606BB5}
	EndGlobalSection
	GlobalSection(ExtensibilityGlobals) = postSolution
		SolutionGuid = {96BDA1DF-208F-4929-89D9-E7ACEFF3E430}
	EndGlobalSection
EndGlobal
